
Microsoft Visual Studio Solution File, Format Version 12.00
# Visual Studio Version 16
VisualStudioVersion = 16.0.32413.511
MinimumVisualStudioVersion = 10.0.40219.1
Project("{FAE04EC0-301F-11D3-BF4B-00C04F79EFBC}") = "MovieLibrary", "MovieLibrary\MovieLibrary.csproj", "{B4D39D44-1D1A-4FEF-881D-A156A9C76EE6}"
EndProject
Project("{FAE04EC0-301F-11D3-BF4B-00C04F79EFBC}") = "MovieLibrarySpec", "MovieLibrarySpec\MovieLibrarySpec.csproj", "{FFC9847F-4CAE-47E1-A06C-84E95CCB2445}"
EndProject
Global
	GlobalSection(SolutionConfigurationPlatforms) = preSolution
		Debug|Any CPU = Debug|Any CPU
		Release|Any CPU = Release|Any CPU
	EndGlobalSection
	GlobalSection(ProjectConfigurationPlatforms) = postSolution
		{B4D39D44-1D1A-4FEF-881D-A156A9C76EE6}.Debug|Any CPU.ActiveCfg = Debug|Any CPU
		{B4D39D44-1D1A-4FEF-881D-A156A9C76EE6}.Debug|Any CPU.Build.0 = Debug|Any CPU
		{B4D39D44-1D1A-4FEF-881D-A156A9C76EE6}.Release|Any CPU.ActiveCfg = Release|Any CPU
		{B4D39D44-1D1A-4FEF-881D-A156A9C76EE6}.Release|Any CPU.Build.0 = Release|Any CPU
		{FFC9847F-4CAE-47E1-A06C-84E95CCB2445}.Debug|Any CPU.ActiveCfg = Debug|Any CPU
		{FFC9847F-4CAE-47E1-A06C-84E95CCB2445}.Debug|Any CPU.Build.0 = Debug|Any CPU
		{FFC9847F-4CAE-47E1-A06C-84E95CCB2445}.Release|Any CPU.ActiveCfg = Release|Any CPU
		{FFC9847F-4CAE-47E1-A06C-84E95CCB2445}.Release|Any CPU.Build.0 = Release|Any CPU
	EndGlobalSection
	GlobalSection(SolutionProperties) = preSolution
		HideSolutionNode = FALSE
	EndGlobalSection
	GlobalSection(ExtensibilityGlobals) = postSolution
		SolutionGuid = {20E06314-54EF-4DDB-98A9-986424E0D433}
	EndGlobalSection
EndGlobal
